
Microsoft Visual Studio Solution File, Format Version 12.00
# Visual Studio 15
VisualStudioVersion = 15.0.27130.2036
MinimumVisualStudioVersion = 10.0.40219.1
Project("{9A19103F-16F7-4668-BE54-9A1E7A4F7556}") = "HandsOnTest.Employees.WebApi", "HandsOnTest.Employees.WebApi\HandsOnTest.Employees.WebApi.csproj", "{09047983-D448-492E-827F-517055A4EB98}"
EndProject
Project("{9A19103F-16F7-4668-BE54-9A1E7A4F7556}") = "HandsOnTest.Employees.Service", "HandsOnTest.Employees.Service\HandsOnTest.Employees.Service.csproj", "{BA025986-C6D1-4385-9F35-73ECCAAE47C9}"
EndProject
Project("{9A19103F-16F7-4668-BE54-9A1E7A4F7556}") = "HandsOnTest.Employees.Business", "HandsOnTest.Employees.Business\HandsOnTest.Employees.Business.csproj", "{F9719B62-4CD3-441B-8936-18EB641D8056}"
EndProject
Project("{9A19103F-16F7-4668-BE54-9A1E7A4F7556}") = "HandsOnTest.Employees.DataAccess", "HandsOnTest.Employees.DataAccess\HandsOnTest.Employees.DataAccess.csproj", "{1829B0F0-1300-4A38-9240-F59BDF723182}"
EndProject
Project("{FAE04EC0-301F-11D3-BF4B-00C04F79EFBC}") = "HandsOnTest.Employees.Business.Test", "HandsOnTest.Employees.Business.Test\HandsOnTest.Employees.Business.Test.csproj", "{E3051872-F026-4365-BBCA-16CDFE30D40D}"
EndProject
Project("{2150E333-8FDC-42A3-9474-1A3956D46DE8}") = "Test", "Test", "{89367F69-7CEB-4E76-865C-DDAF4187FCE1}"
EndProject
Project("{FAE04EC0-301F-11D3-BF4B-00C04F79EFBC}") = "HandsOnTest.Employees.Web", "HandsOnTest.Employees.Web\HandsOnTest.Employees.Web.csproj", "{458139D5-3CFD-4A17-8F4C-1F09A486E572}"
EndProject
Global
	GlobalSection(SolutionConfigurationPlatforms) = preSolution
		Debug|Any CPU = Debug|Any CPU
		Release|Any CPU = Release|Any CPU
	EndGlobalSection
	GlobalSection(ProjectConfigurationPlatforms) = postSolution
		{09047983-D448-492E-827F-517055A4EB98}.Debug|Any CPU.ActiveCfg = Debug|Any CPU
		{09047983-D448-492E-827F-517055A4EB98}.Debug|Any CPU.Build.0 = Debug|Any CPU
		{09047983-D448-492E-827F-517055A4EB98}.Release|Any CPU.ActiveCfg = Release|Any CPU
		{09047983-D448-492E-827F-517055A4EB98}.Release|Any CPU.Build.0 = Release|Any CPU
		{BA025986-C6D1-4385-9F35-73ECCAAE47C9}.Debug|Any CPU.ActiveCfg = Debug|Any CPU
		{BA025986-C6D1-4385-9F35-73ECCAAE47C9}.Debug|Any CPU.Build.0 = Debug|Any CPU
		{BA025986-C6D1-4385-9F35-73ECCAAE47C9}.Release|Any CPU.ActiveCfg = Release|Any CPU
		{BA025986-C6D1-4385-9F35-73ECCAAE47C9}.Release|Any CPU.Build.0 = Release|Any CPU
		{F9719B62-4CD3-441B-8936-18EB641D8056}.Debug|Any CPU.ActiveCfg = Debug|Any CPU
		{F9719B62-4CD3-441B-8936-18EB641D8056}.Debug|Any CPU.Build.0 = Debug|Any CPU
		{F9719B62-4CD3-441B-8936-18EB641D8056}.Release|Any CPU.ActiveCfg = Release|Any CPU
		{F9719B62-4CD3-441B-8936-18EB641D8056}.Release|Any CPU.Build.0 = Release|Any CPU
		{1829B0F0-1300-4A38-9240-F59BDF723182}.Debug|Any CPU.ActiveCfg = Debug|Any CPU
		{1829B0F0-1300-4A38-9240-F59BDF723182}.Debug|Any CPU.Build.0 = Debug|Any CPU
		{1829B0F0-1300-4A38-9240-F59BDF723182}.Release|Any CPU.ActiveCfg = Release|Any CPU
		{1829B0F0-1300-4A38-9240-F59BDF723182}.Release|Any CPU.Build.0 = Release|Any CPU
		{E3051872-F026-4365-BBCA-16CDFE30D40D}.Debug|Any CPU.ActiveCfg = Debug|Any CPU
		{E3051872-F026-4365-BBCA-16CDFE30D40D}.Debug|Any CPU.Build.0 = Debug|Any CPU
		{E3051872-F026-4365-BBCA-16CDFE30D40D}.Release|Any CPU.ActiveCfg = Release|Any CPU
		{E3051872-F026-4365-BBCA-16CDFE30D40D}.Release|Any CPU.Build.0 = Release|Any CPU
		{458139D5-3CFD-4A17-8F4C-1F09A486E572}.Debug|Any CPU.ActiveCfg = Debug|Any CPU
		{458139D5-3CFD-4A17-8F4C-1F09A486E572}.Debug|Any CPU.Build.0 = Debug|Any CPU
		{458139D5-3CFD-4A17-8F4C-1F09A486E572}.Release|Any CPU.ActiveCfg = Release|Any CPU
		{458139D5-3CFD-4A17-8F4C-1F09A486E572}.Release|Any CPU.Build.0 = Release|Any CPU
	EndGlobalSection
	GlobalSection(SolutionProperties) = preSolution
		HideSolutionNode = FALSE
	EndGlobalSection
	GlobalSection(NestedProjects) = preSolution
		{E3051872-F026-4365-BBCA-16CDFE30D40D} = {89367F69-7CEB-4E76-865C-DDAF4187FCE1}
	EndGlobalSection
	GlobalSection(ExtensibilityGlobals) = postSolution
		SolutionGuid = {8FE437EF-7E63-43AB-B118-B7DF0EA0D714}
	EndGlobalSection
EndGlobal
